
Microsoft Visual Studio Solution File, Format Version 12.00
# Visual Studio Version 16
VisualStudioVersion = 16.0.30204.135
MinimumVisualStudioVersion = 10.0.40219.1
Project("{FAE04EC0-301F-11D3-BF4B-00C04F79EFBC}") = "TutorialMicrosoft", "TutorialMicrosoft\TutorialMicrosoft.csproj", "{37C1A6CE-6C69-4E6B-8779-2595744C9881}"
EndProject
Global
	GlobalSection(SolutionConfigurationPlatforms) = preSolution
		Debug|Any CPU = Debug|Any CPU
		Release|Any CPU = Release|Any CPU
	EndGlobalSection
	GlobalSection(ProjectConfigurationPlatforms) = postSolution
		{37C1A6CE-6C69-4E6B-8779-2595744C9881}.Debug|Any CPU.ActiveCfg = Debug|Any CPU
		{37C1A6CE-6C69-4E6B-8779-2595744C9881}.Debug|Any CPU.Build.0 = Debug|Any CPU
		{37C1A6CE-6C69-4E6B-8779-2595744C9881}.Release|Any CPU.ActiveCfg = Release|Any CPU
		{37C1A6CE-6C69-4E6B-8779-2595744C9881}.Release|Any CPU.Build.0 = Release|Any CPU
	EndGlobalSection
	GlobalSection(SolutionProperties) = preSolution
		HideSolutionNode = FALSE
	EndGlobalSection
	GlobalSection(ExtensibilityGlobals) = postSolution
		SolutionGuid = {DD679791-91F1-4D30-9B33-3CE44EB700F2}
	EndGlobalSection
EndGlobal
